
Microsoft Visual Studio Solution File, Format Version 12.00
# Visual Studio 15
VisualStudioVersion = 15.0.27703.2042
MinimumVisualStudioVersion = 10.0.40219.1
Project("{FAE04EC0-301F-11D3-BF4B-00C04F79EFBC}") = "If Statement", "If_Statement\If Statement.csproj", "{94E16847-0D8C-4610-8DB2-D2EF01BF5530}"
EndProject
Global
	GlobalSection(SolutionConfigurationPlatforms) = preSolution
		Debug|Any CPU = Debug|Any CPU
		Release|Any CPU = Release|Any CPU
	EndGlobalSection
	GlobalSection(ProjectConfigurationPlatforms) = postSolution
		{94E16847-0D8C-4610-8DB2-D2EF01BF5530}.Debug|Any CPU.ActiveCfg = Debug|Any CPU
		{94E16847-0D8C-4610-8DB2-D2EF01BF5530}.Debug|Any CPU.Build.0 = Debug|Any CPU
		{94E16847-0D8C-4610-8DB2-D2EF01BF5530}.Release|Any CPU.ActiveCfg = Release|Any CPU
		{94E16847-0D8C-4610-8DB2-D2EF01BF5530}.Release|Any CPU.Build.0 = Release|Any CPU
	EndGlobalSection
	GlobalSection(SolutionProperties) = preSolution
		HideSolutionNode = FALSE
	EndGlobalSection
	GlobalSection(ExtensibilityGlobals) = postSolution
		SolutionGuid = {9A21A191-44A0-4D4A-8935-7789DAB1283D}
	EndGlobalSection
EndGlobal
