
Microsoft Visual Studio Solution File, Format Version 12.00
# Visual Studio 15
VisualStudioVersion = 15.0.27703.2042
MinimumVisualStudioVersion = 10.0.40219.1
Project("{FAE04EC0-301F-11D3-BF4B-00C04F79EFBC}") = "SDLC", "SDLC\SDLC.csproj", "{140DA4E7-8E21-45F2-8299-57A4627E05D1}"
EndProject
Global
	GlobalSection(SolutionConfigurationPlatforms) = preSolution
		Debug|Any CPU = Debug|Any CPU
		Release|Any CPU = Release|Any CPU
	EndGlobalSection
	GlobalSection(ProjectConfigurationPlatforms) = postSolution
		{140DA4E7-8E21-45F2-8299-57A4627E05D1}.Debug|Any CPU.ActiveCfg = Debug|Any CPU
		{140DA4E7-8E21-45F2-8299-57A4627E05D1}.Debug|Any CPU.Build.0 = Debug|Any CPU
		{140DA4E7-8E21-45F2-8299-57A4627E05D1}.Release|Any CPU.ActiveCfg = Release|Any CPU
		{140DA4E7-8E21-45F2-8299-57A4627E05D1}.Release|Any CPU.Build.0 = Release|Any CPU
	EndGlobalSection
	GlobalSection(SolutionProperties) = preSolution
		HideSolutionNode = FALSE
	EndGlobalSection
	GlobalSection(ExtensibilityGlobals) = postSolution
		SolutionGuid = {4932534F-D688-4903-B749-5476E9363F6F}
	EndGlobalSection
EndGlobal
