
Microsoft Visual Studio Solution File, Format Version 12.00
# Visual Studio 15
VisualStudioVersion = 15.0.27703.2042
MinimumVisualStudioVersion = 10.0.40219.1
Project("{FAE04EC0-301F-11D3-BF4B-00C04F79EFBC}") = "Motivation", "Motivation\Motivation.csproj", "{0E8B4FD7-035E-4F6A-91E9-BD13AC999607}"
EndProject
Global
	GlobalSection(SolutionConfigurationPlatforms) = preSolution
		Debug|Any CPU = Debug|Any CPU
		Release|Any CPU = Release|Any CPU
	EndGlobalSection
	GlobalSection(ProjectConfigurationPlatforms) = postSolution
		{0E8B4FD7-035E-4F6A-91E9-BD13AC999607}.Debug|Any CPU.ActiveCfg = Debug|Any CPU
		{0E8B4FD7-035E-4F6A-91E9-BD13AC999607}.Debug|Any CPU.Build.0 = Debug|Any CPU
		{0E8B4FD7-035E-4F6A-91E9-BD13AC999607}.Release|Any CPU.ActiveCfg = Release|Any CPU
		{0E8B4FD7-035E-4F6A-91E9-BD13AC999607}.Release|Any CPU.Build.0 = Release|Any CPU
	EndGlobalSection
	GlobalSection(SolutionProperties) = preSolution
		HideSolutionNode = FALSE
	EndGlobalSection
	GlobalSection(ExtensibilityGlobals) = postSolution
		SolutionGuid = {3A745ACB-BE8D-4FD7-AD65-D841BE5F54D8}
	EndGlobalSection
EndGlobal
