
Microsoft Visual Studio Solution File, Format Version 12.00
# Visual Studio 15
VisualStudioVersion = 15.0.27703.2042
MinimumVisualStudioVersion = 10.0.40219.1
Project("{FAE04EC0-301F-11D3-BF4B-00C04F79EFBC}") = "Sandwich Class", "Sandwich Class\Sandwich Class.csproj", "{A9AEFED3-8128-4A50-9AAE-5E12000B3BF0}"
EndProject
Global
	GlobalSection(SolutionConfigurationPlatforms) = preSolution
		Debug|Any CPU = Debug|Any CPU
		Release|Any CPU = Release|Any CPU
	EndGlobalSection
	GlobalSection(ProjectConfigurationPlatforms) = postSolution
		{A9AEFED3-8128-4A50-9AAE-5E12000B3BF0}.Debug|Any CPU.ActiveCfg = Debug|Any CPU
		{A9AEFED3-8128-4A50-9AAE-5E12000B3BF0}.Debug|Any CPU.Build.0 = Debug|Any CPU
		{A9AEFED3-8128-4A50-9AAE-5E12000B3BF0}.Release|Any CPU.ActiveCfg = Release|Any CPU
		{A9AEFED3-8128-4A50-9AAE-5E12000B3BF0}.Release|Any CPU.Build.0 = Release|Any CPU
	EndGlobalSection
	GlobalSection(SolutionProperties) = preSolution
		HideSolutionNode = FALSE
	EndGlobalSection
	GlobalSection(ExtensibilityGlobals) = postSolution
		SolutionGuid = {7E683FF1-D1F5-4ABA-960F-7A1707D5DBA8}
	EndGlobalSection
EndGlobal
