
Microsoft Visual Studio Solution File, Format Version 12.00
# Visual Studio 15
VisualStudioVersion = 15.0.27703.2042
MinimumVisualStudioVersion = 10.0.40219.1
Project("{FAE04EC0-301F-11D3-BF4B-00C04F79EFBC}") = "Named Parameter Example", "Named Parameter Example\Named Parameter Example.csproj", "{6DA7C13A-8D4A-4C01-BBBB-0A075F077DAD}"
EndProject
Global
	GlobalSection(SolutionConfigurationPlatforms) = preSolution
		Debug|Any CPU = Debug|Any CPU
		Release|Any CPU = Release|Any CPU
	EndGlobalSection
	GlobalSection(ProjectConfigurationPlatforms) = postSolution
		{6DA7C13A-8D4A-4C01-BBBB-0A075F077DAD}.Debug|Any CPU.ActiveCfg = Debug|Any CPU
		{6DA7C13A-8D4A-4C01-BBBB-0A075F077DAD}.Debug|Any CPU.Build.0 = Debug|Any CPU
		{6DA7C13A-8D4A-4C01-BBBB-0A075F077DAD}.Release|Any CPU.ActiveCfg = Release|Any CPU
		{6DA7C13A-8D4A-4C01-BBBB-0A075F077DAD}.Release|Any CPU.Build.0 = Release|Any CPU
	EndGlobalSection
	GlobalSection(SolutionProperties) = preSolution
		HideSolutionNode = FALSE
	EndGlobalSection
	GlobalSection(ExtensibilityGlobals) = postSolution
		SolutionGuid = {C52C4753-B380-43A9-8247-54E29586FAA4}
	EndGlobalSection
EndGlobal
