
Microsoft Visual Studio Solution File, Format Version 12.00
# Visual Studio 15
VisualStudioVersion = 15.0.27703.2042
MinimumVisualStudioVersion = 10.0.40219.1
Project("{FAE04EC0-301F-11D3-BF4B-00C04F79EFBC}") = "CatClass", "CatClass\CatClass.csproj", "{CC559590-DC17-4045-8AB7-6CDA7BCA53C7}"
EndProject
Global
	GlobalSection(SolutionConfigurationPlatforms) = preSolution
		Debug|Any CPU = Debug|Any CPU
		Release|Any CPU = Release|Any CPU
	EndGlobalSection
	GlobalSection(ProjectConfigurationPlatforms) = postSolution
		{CC559590-DC17-4045-8AB7-6CDA7BCA53C7}.Debug|Any CPU.ActiveCfg = Debug|Any CPU
		{CC559590-DC17-4045-8AB7-6CDA7BCA53C7}.Debug|Any CPU.Build.0 = Debug|Any CPU
		{CC559590-DC17-4045-8AB7-6CDA7BCA53C7}.Release|Any CPU.ActiveCfg = Release|Any CPU
		{CC559590-DC17-4045-8AB7-6CDA7BCA53C7}.Release|Any CPU.Build.0 = Release|Any CPU
	EndGlobalSection
	GlobalSection(SolutionProperties) = preSolution
		HideSolutionNode = FALSE
	EndGlobalSection
	GlobalSection(ExtensibilityGlobals) = postSolution
		SolutionGuid = {11195B27-AA6E-466B-8853-0482F633399C}
	EndGlobalSection
EndGlobal
