
Microsoft Visual Studio Solution File, Format Version 12.00
# Visual Studio 15
VisualStudioVersion = 15.0.27703.2042
MinimumVisualStudioVersion = 10.0.40219.1
Project("{FAE04EC0-301F-11D3-BF4B-00C04F79EFBC}") = "Exceptions", "Exceptions\Exceptions.csproj", "{634DCBCE-A5D1-495A-AF5F-64E0A816B04C}"
EndProject
Global
	GlobalSection(SolutionConfigurationPlatforms) = preSolution
		Debug|Any CPU = Debug|Any CPU
		Release|Any CPU = Release|Any CPU
	EndGlobalSection
	GlobalSection(ProjectConfigurationPlatforms) = postSolution
		{634DCBCE-A5D1-495A-AF5F-64E0A816B04C}.Debug|Any CPU.ActiveCfg = Debug|Any CPU
		{634DCBCE-A5D1-495A-AF5F-64E0A816B04C}.Debug|Any CPU.Build.0 = Debug|Any CPU
		{634DCBCE-A5D1-495A-AF5F-64E0A816B04C}.Release|Any CPU.ActiveCfg = Release|Any CPU
		{634DCBCE-A5D1-495A-AF5F-64E0A816B04C}.Release|Any CPU.Build.0 = Release|Any CPU
	EndGlobalSection
	GlobalSection(SolutionProperties) = preSolution
		HideSolutionNode = FALSE
	EndGlobalSection
	GlobalSection(ExtensibilityGlobals) = postSolution
		SolutionGuid = {F0FCD7F4-B8A9-40ED-8A7A-6F71CAC35954}
	EndGlobalSection
EndGlobal
