
Microsoft Visual Studio Solution File, Format Version 12.00
# Visual Studio 15
VisualStudioVersion = 15.0.27703.2042
MinimumVisualStudioVersion = 10.0.40219.1
Project("{FAE04EC0-301F-11D3-BF4B-00C04F79EFBC}") = "ShippingCalculator", "ShippingCalculator\ShippingCalculator.csproj", "{1B1179E4-3738-487E-A2E1-D736BB4F5210}"
EndProject
Global
	GlobalSection(SolutionConfigurationPlatforms) = preSolution
		Debug|Any CPU = Debug|Any CPU
		Release|Any CPU = Release|Any CPU
	EndGlobalSection
	GlobalSection(ProjectConfigurationPlatforms) = postSolution
		{1B1179E4-3738-487E-A2E1-D736BB4F5210}.Debug|Any CPU.ActiveCfg = Debug|Any CPU
		{1B1179E4-3738-487E-A2E1-D736BB4F5210}.Debug|Any CPU.Build.0 = Debug|Any CPU
		{1B1179E4-3738-487E-A2E1-D736BB4F5210}.Release|Any CPU.ActiveCfg = Release|Any CPU
		{1B1179E4-3738-487E-A2E1-D736BB4F5210}.Release|Any CPU.Build.0 = Release|Any CPU
	EndGlobalSection
	GlobalSection(SolutionProperties) = preSolution
		HideSolutionNode = FALSE
	EndGlobalSection
	GlobalSection(ExtensibilityGlobals) = postSolution
		SolutionGuid = {8B831A9B-E5C3-4461-B64C-C9FEFB0C4A04}
	EndGlobalSection
EndGlobal
