
Microsoft Visual Studio Solution File, Format Version 12.00
# Visual Studio 15
VisualStudioVersion = 15.0.27703.2042
MinimumVisualStudioVersion = 10.0.40219.1
Project("{FAE04EC0-301F-11D3-BF4B-00C04F79EFBC}") = "File Stream Project", "File Stream Project\File Stream Project.csproj", "{DC8A5765-8BC8-44A9-8EB7-13A762586879}"
EndProject
Global
	GlobalSection(SolutionConfigurationPlatforms) = preSolution
		Debug|Any CPU = Debug|Any CPU
		Release|Any CPU = Release|Any CPU
	EndGlobalSection
	GlobalSection(ProjectConfigurationPlatforms) = postSolution
		{DC8A5765-8BC8-44A9-8EB7-13A762586879}.Debug|Any CPU.ActiveCfg = Debug|Any CPU
		{DC8A5765-8BC8-44A9-8EB7-13A762586879}.Debug|Any CPU.Build.0 = Debug|Any CPU
		{DC8A5765-8BC8-44A9-8EB7-13A762586879}.Release|Any CPU.ActiveCfg = Release|Any CPU
		{DC8A5765-8BC8-44A9-8EB7-13A762586879}.Release|Any CPU.Build.0 = Release|Any CPU
	EndGlobalSection
	GlobalSection(SolutionProperties) = preSolution
		HideSolutionNode = FALSE
	EndGlobalSection
	GlobalSection(ExtensibilityGlobals) = postSolution
		SolutionGuid = {E4B84043-E61A-4DF1-9BAB-CB20A1C7926C}
	EndGlobalSection
EndGlobal
