
Microsoft Visual Studio Solution File, Format Version 12.00
# Visual Studio 15
VisualStudioVersion = 15.0.27703.2042
MinimumVisualStudioVersion = 10.0.40219.1
Project("{FAE04EC0-301F-11D3-BF4B-00C04F79EFBC}") = "Enum Project", "Enum Project\Enum Project.csproj", "{28ABC4E5-331D-40B0-88A0-F705C6B46669}"
EndProject
Global
	GlobalSection(SolutionConfigurationPlatforms) = preSolution
		Debug|Any CPU = Debug|Any CPU
		Release|Any CPU = Release|Any CPU
	EndGlobalSection
	GlobalSection(ProjectConfigurationPlatforms) = postSolution
		{28ABC4E5-331D-40B0-88A0-F705C6B46669}.Debug|Any CPU.ActiveCfg = Debug|Any CPU
		{28ABC4E5-331D-40B0-88A0-F705C6B46669}.Debug|Any CPU.Build.0 = Debug|Any CPU
		{28ABC4E5-331D-40B0-88A0-F705C6B46669}.Release|Any CPU.ActiveCfg = Release|Any CPU
		{28ABC4E5-331D-40B0-88A0-F705C6B46669}.Release|Any CPU.Build.0 = Release|Any CPU
	EndGlobalSection
	GlobalSection(SolutionProperties) = preSolution
		HideSolutionNode = FALSE
	EndGlobalSection
	GlobalSection(ExtensibilityGlobals) = postSolution
		SolutionGuid = {2F7D44AE-7328-4E40-90C5-2DF4913DDFF6}
	EndGlobalSection
EndGlobal
