
Microsoft Visual Studio Solution File, Format Version 12.00
# Visual Studio 15
VisualStudioVersion = 15.0.27703.2042
MinimumVisualStudioVersion = 10.0.40219.1
Project("{FAE04EC0-301F-11D3-BF4B-00C04F79EFBC}") = "IO_fileInfo_Ex", "IO_fileInfo_Ex\IO_fileInfo_Ex.csproj", "{715DF62D-8DEE-4F2E-8F48-1AF00A239CC0}"
EndProject
Global
	GlobalSection(SolutionConfigurationPlatforms) = preSolution
		Debug|Any CPU = Debug|Any CPU
		Release|Any CPU = Release|Any CPU
	EndGlobalSection
	GlobalSection(ProjectConfigurationPlatforms) = postSolution
		{715DF62D-8DEE-4F2E-8F48-1AF00A239CC0}.Debug|Any CPU.ActiveCfg = Debug|Any CPU
		{715DF62D-8DEE-4F2E-8F48-1AF00A239CC0}.Debug|Any CPU.Build.0 = Debug|Any CPU
		{715DF62D-8DEE-4F2E-8F48-1AF00A239CC0}.Release|Any CPU.ActiveCfg = Release|Any CPU
		{715DF62D-8DEE-4F2E-8F48-1AF00A239CC0}.Release|Any CPU.Build.0 = Release|Any CPU
	EndGlobalSection
	GlobalSection(SolutionProperties) = preSolution
		HideSolutionNode = FALSE
	EndGlobalSection
	GlobalSection(ExtensibilityGlobals) = postSolution
		SolutionGuid = {FD02F8F8-349C-461C-A9A0-F8675BB37A4B}
	EndGlobalSection
EndGlobal
