
Microsoft Visual Studio Solution File, Format Version 12.00
# Visual Studio 15
VisualStudioVersion = 15.0.27703.2042
MinimumVisualStudioVersion = 10.0.40219.1
Project("{FAE04EC0-301F-11D3-BF4B-00C04F79EFBC}") = "Randomize Output", "Randomize Output\Randomize Output.csproj", "{ADC9983E-4EA7-4845-A906-61C69AACEDF6}"
EndProject
Global
	GlobalSection(SolutionConfigurationPlatforms) = preSolution
		Debug|Any CPU = Debug|Any CPU
		Release|Any CPU = Release|Any CPU
	EndGlobalSection
	GlobalSection(ProjectConfigurationPlatforms) = postSolution
		{ADC9983E-4EA7-4845-A906-61C69AACEDF6}.Debug|Any CPU.ActiveCfg = Debug|Any CPU
		{ADC9983E-4EA7-4845-A906-61C69AACEDF6}.Debug|Any CPU.Build.0 = Debug|Any CPU
		{ADC9983E-4EA7-4845-A906-61C69AACEDF6}.Release|Any CPU.ActiveCfg = Release|Any CPU
		{ADC9983E-4EA7-4845-A906-61C69AACEDF6}.Release|Any CPU.Build.0 = Release|Any CPU
	EndGlobalSection
	GlobalSection(SolutionProperties) = preSolution
		HideSolutionNode = FALSE
	EndGlobalSection
	GlobalSection(ExtensibilityGlobals) = postSolution
		SolutionGuid = {4346F4AE-7EE0-474C-B35C-CC04DAF71764}
	EndGlobalSection
EndGlobal
