
Microsoft Visual Studio Solution File, Format Version 12.00
# Visual Studio 15
VisualStudioVersion = 15.0.27703.2042
MinimumVisualStudioVersion = 10.0.40219.1
Project("{FAE04EC0-301F-11D3-BF4B-00C04F79EFBC}") = "BookProject", "Book\BookProject.csproj", "{77F24198-CB13-4F8A-BCC2-4B76BCF86195}"
EndProject
Global
	GlobalSection(SolutionConfigurationPlatforms) = preSolution
		Debug|Any CPU = Debug|Any CPU
		Release|Any CPU = Release|Any CPU
	EndGlobalSection
	GlobalSection(ProjectConfigurationPlatforms) = postSolution
		{77F24198-CB13-4F8A-BCC2-4B76BCF86195}.Debug|Any CPU.ActiveCfg = Debug|Any CPU
		{77F24198-CB13-4F8A-BCC2-4B76BCF86195}.Debug|Any CPU.Build.0 = Debug|Any CPU
		{77F24198-CB13-4F8A-BCC2-4B76BCF86195}.Release|Any CPU.ActiveCfg = Release|Any CPU
		{77F24198-CB13-4F8A-BCC2-4B76BCF86195}.Release|Any CPU.Build.0 = Release|Any CPU
	EndGlobalSection
	GlobalSection(SolutionProperties) = preSolution
		HideSolutionNode = FALSE
	EndGlobalSection
	GlobalSection(ExtensibilityGlobals) = postSolution
		SolutionGuid = {9DD1EE5C-6258-481E-A146-9D953E0AEBA2}
	EndGlobalSection
EndGlobal
