
Microsoft Visual Studio Solution File, Format Version 12.00
# Visual Studio 15
VisualStudioVersion = 15.0.27703.2042
MinimumVisualStudioVersion = 10.0.40219.1
Project("{FAE04EC0-301F-11D3-BF4B-00C04F79EFBC}") = "BinaryRW_Ex", "BinaryRW_Ex\BinaryRW_Ex.csproj", "{AE34955D-1E18-4586-9E79-ED830D19487B}"
EndProject
Global
	GlobalSection(SolutionConfigurationPlatforms) = preSolution
		Debug|Any CPU = Debug|Any CPU
		Release|Any CPU = Release|Any CPU
	EndGlobalSection
	GlobalSection(ProjectConfigurationPlatforms) = postSolution
		{AE34955D-1E18-4586-9E79-ED830D19487B}.Debug|Any CPU.ActiveCfg = Debug|Any CPU
		{AE34955D-1E18-4586-9E79-ED830D19487B}.Debug|Any CPU.Build.0 = Debug|Any CPU
		{AE34955D-1E18-4586-9E79-ED830D19487B}.Release|Any CPU.ActiveCfg = Release|Any CPU
		{AE34955D-1E18-4586-9E79-ED830D19487B}.Release|Any CPU.Build.0 = Release|Any CPU
	EndGlobalSection
	GlobalSection(SolutionProperties) = preSolution
		HideSolutionNode = FALSE
	EndGlobalSection
	GlobalSection(ExtensibilityGlobals) = postSolution
		SolutionGuid = {0A266FB2-B4AD-4323-9072-607A761CB6E7}
	EndGlobalSection
EndGlobal
